{
  "name": "pg2redis",
  "version": "1.0.0",
  "lockfileVersion": 1,
  "requires": true,
  "dependencies": {
    "atomic-sleep": {
      "version": "1.0.0",
      "resolved": "https://registry.npm.taobao.org/atomic-sleep/download/atomic-sleep-1.0.0.tgz",
      "integrity": "sha1-64W3emAfyTLP5DLFrNNkqeLJB1s="
    },
    "buffer-writer": {
      "version": "2.0.0",
      "resolved": "https://registry.npm.taobao.org/buffer-writer/download/buffer-writer-2.0.0.tgz",
      "integrity": "sha1-zn64Gjj3gp2wnIc/L7t5LAyY7AQ="
    },
    "cluster-key-slot": {
      "version": "1.1.0",
      "resolved": "https://registry.npm.taobao.org/cluster-key-slot/download/cluster-key-slot-1.1.0.tgz",
      "integrity": "sha1-MEdLKpgfsSFyaVgzBSvA0BM20Q0="
    },
    "debug": {
      "version": "4.3.1",
      "resolved": "https://registry.npm.taobao.org/debug/download/debug-4.3.1.tgz?cache=0&sync_timestamp=1607566533140&other_urls=https%3A%2F%2Fregistry.npm.taobao.org%2Fdebug%2Fdownload%2Fdebug-4.3.1.tgz",
      "integrity": "sha1-8NIpxQXgxtjEmsVT0bE9wYP2su4=",
      "requires": {
        "ms": "2.1.2"
      }
    },
    "denque": {
      "version": "1.5.0",
      "resolved": "https://registry.npm.taobao.org/denque/download/denque-1.5.0.tgz?cache=0&sync_timestamp=1609780136269&other_urls=https%3A%2F%2Fregistry.npm.taobao.org%2Fdenque%2Fdownload%2Fdenque-1.5.0.tgz",
      "integrity": "sha1-dz3gaG/y2Owv+SkUMWpHtzscc94="
    },
    "dotenv": {
      "version": "10.0.0",
      "resolved": "https://registry.nlark.com/dotenv/download/dotenv-10.0.0.tgz?cache=0&sync_timestamp=1621627076012&other_urls=https%3A%2F%2Fregistry.nlark.com%2Fdotenv%2Fdownload%2Fdotenv-10.0.0.tgz",
      "integrity": "sha1-PUInuPuV+BCWzdK2ZlP7LHCFuoE="
    },
    "fast-redact": {
      "version": "3.0.1",
      "resolved": "https://registry.nlark.com/fast-redact/download/fast-redact-3.0.1.tgz",
      "integrity": "sha1-1gFblx6TPQNSmwEzO6fyLCmWHpI="
    },
    "fast-safe-stringify": {
      "version": "2.0.7",
      "resolved": "https://registry.npm.taobao.org/fast-safe-stringify/download/fast-safe-stringify-2.0.7.tgz",
      "integrity": "sha1-EkqohYmSYfaK7bQqfAgN6dpgh0M="
    },
    "flatstr": {
      "version": "1.0.12",
      "resolved": "https://registry.npm.taobao.org/flatstr/download/flatstr-1.0.12.tgz",
      "integrity": "sha1-wrpqCBc+27bJZA4wVbleKHzrWTE="
    },
    "inherits": {
      "version": "2.0.4",
      "resolved": "https://registry.npm.taobao.org/inherits/download/inherits-2.0.4.tgz",
      "integrity": "sha1-D6LGT5MpF8NDOg3tVTY6rjdBa3w="
    },
    "ioredis": {
      "version": "4.27.5",
      "resolved": "https://registry.nlark.com/ioredis/download/ioredis-4.27.5.tgz",
      "integrity": "sha1-tiGSu2GY+KWgKUeQIRcVCu85t/E=",
      "requires": {
        "cluster-key-slot": "^1.1.0",
        "debug": "^4.3.1",
        "denque": "^1.1.0",
        "lodash.defaults": "^4.2.0",
        "lodash.flatten": "^4.4.0",
        "p-map": "^2.1.0",
        "redis-commands": "1.7.0",
        "redis-errors": "^1.2.0",
        "redis-parser": "^3.0.0",
        "standard-as-callback": "^2.1.0"
      }
    },
    "lodash.defaults": {
      "version": "4.2.0",
      "resolved": "https://registry.npm.taobao.org/lodash.defaults/download/lodash.defaults-4.2.0.tgz",
      "integrity": "sha1-0JF4cW/+pN3p5ft7N/bwgCJ0WAw="
    },
    "lodash.flatten": {
      "version": "4.4.0",
      "resolved": "https://registry.npm.taobao.org/lodash.flatten/download/lodash.flatten-4.4.0.tgz",
      "integrity": "sha1-8xwiIlqWMtK7+OSt2+8kCqdlph8="
    },
    "ms": {
      "version": "2.1.2",
      "resolved": "https://registry.npm.taobao.org/ms/download/ms-2.1.2.tgz?cache=0&sync_timestamp=1607433842694&other_urls=https%3A%2F%2Fregistry.npm.taobao.org%2Fms%2Fdownload%2Fms-2.1.2.tgz",
      "integrity": "sha1-0J0fNXtEP0kzgqjrPM0YOHKuYAk="
    },
    "p-map": {
      "version": "2.1.0",
      "resolved": "https://registry.nlark.com/p-map/download/p-map-2.1.0.tgz",
      "integrity": "sha1-MQko/u+cnsxltosXaTAYpmXOoXU="
    },
    "packet-reader": {
      "version": "1.0.0",
      "resolved": "https://registry.npm.taobao.org/packet-reader/download/packet-reader-1.0.0.tgz",
      "integrity": "sha1-kjjlSA3tq6z+H+PydxBj8WQVfXQ="
    },
    "pg": {
      "version": "8.6.0",
      "resolved": "https://registry.npm.taobao.org/pg/download/pg-8.6.0.tgz",
      "integrity": "sha1-4iIpawsHmygMzhBuqZFwMzVIfbI=",
      "requires": {
        "buffer-writer": "2.0.0",
        "packet-reader": "1.0.0",
        "pg-connection-string": "^2.5.0",
        "pg-pool": "^3.3.0",
        "pg-protocol": "^1.5.0",
        "pg-types": "^2.1.0",
        "pgpass": "1.x"
      }
    },
    "pg-connection-string": {
      "version": "2.5.0",
      "resolved": "https://registry.npm.taobao.org/pg-connection-string/download/pg-connection-string-2.5.0.tgz",
      "integrity": "sha1-U4yt0PfmA/wJoSWQ87ikUsLAzzQ="
    },
    "pg-int8": {
      "version": "1.0.1",
      "resolved": "https://registry.npm.taobao.org/pg-int8/download/pg-int8-1.0.1.tgz",
      "integrity": "sha1-lDvUY79bcbQXARX4D478mgwOt4w="
    },
    "pg-pool": {
      "version": "3.3.0",
      "resolved": "https://registry.npm.taobao.org/pg-pool/download/pg-pool-3.3.0.tgz",
      "integrity": "sha1-EtXH9l6him6ZypgRvRgSkHHlYvw="
    },
    "pg-protocol": {
      "version": "1.5.0",
      "resolved": "https://registry.npm.taobao.org/pg-protocol/download/pg-protocol-1.5.0.tgz",
      "integrity": "sha1-td1FIlcxRWXi1UqzwTKtxGVlpqA="
    },
    "pg-types": {
      "version": "2.2.0",
      "resolved": "https://registry.npm.taobao.org/pg-types/download/pg-types-2.2.0.tgz",
      "integrity": "sha1-LQJQ1jZFT3z6O2rgOC/fqAYyVKM=",
      "requires": {
        "pg-int8": "1.0.1",
        "postgres-array": "~2.0.0",
        "postgres-bytea": "~1.0.0",
        "postgres-date": "~1.0.4",
        "postgres-interval": "^1.1.0"
      }
    },
    "pgpass": {
      "version": "1.0.4",
      "resolved": "https://registry.npm.taobao.org/pgpass/download/pgpass-1.0.4.tgz?cache=0&sync_timestamp=1603357755093&other_urls=https%3A%2F%2Fregistry.npm.taobao.org%2Fpgpass%2Fdownload%2Fpgpass-1.0.4.tgz",
      "integrity": "sha1-heuTqDgAsg+AV6KwKb8Fq6+U6pw=",
      "requires": {
        "split2": "^3.1.1"
      }
    },
    "pino": {
      "version": "6.11.3",
      "resolved": "https://registry.npm.taobao.org/pino/download/pino-6.11.3.tgz",
      "integrity": "sha1-DALuxgKdJeZ5T9trvqNnJH10vCk=",
      "requires": {
        "fast-redact": "^3.0.0",
        "fast-safe-stringify": "^2.0.7",
        "flatstr": "^1.0.12",
        "pino-std-serializers": "^3.1.0",
        "quick-format-unescaped": "^4.0.3",
        "sonic-boom": "^1.0.2"
      }
    },
    "pino-std-serializers": {
      "version": "3.2.0",
      "resolved": "https://registry.nlark.com/pino-std-serializers/download/pino-std-serializers-3.2.0.tgz",
      "integrity": "sha1-tWSHxALYguuWzWfCV4aAFrYa1nE="
    },
    "postgres-array": {
      "version": "2.0.0",
      "resolved": "https://registry.npm.taobao.org/postgres-array/download/postgres-array-2.0.0.tgz",
      "integrity": "sha1-SPj84FT7xpZxmZMpuINLdyZS2C4="
    },
    "postgres-bytea": {
      "version": "1.0.0",
      "resolved": "https://registry.npm.taobao.org/postgres-bytea/download/postgres-bytea-1.0.0.tgz",
      "integrity": "sha1-AntTPAqokOJtFy1Hz5zOzFIazTU="
    },
    "postgres-date": {
      "version": "1.0.7",
      "resolved": "https://registry.npm.taobao.org/postgres-date/download/postgres-date-1.0.7.tgz",
      "integrity": "sha1-UbwIYAYAXlBhxZHO5yfyUxv2Qag="
    },
    "postgres-interval": {
      "version": "1.2.0",
      "resolved": "https://registry.npm.taobao.org/postgres-interval/download/postgres-interval-1.2.0.tgz",
      "integrity": "sha1-tGDILLFYdQd4iBmgaqD//bNURpU=",
      "requires": {
        "xtend": "^4.0.0"
      }
    },
    "quick-format-unescaped": {
      "version": "4.0.3",
      "resolved": "https://registry.npm.taobao.org/quick-format-unescaped/download/quick-format-unescaped-4.0.3.tgz?cache=0&sync_timestamp=1615559174303&other_urls=https%3A%2F%2Fregistry.npm.taobao.org%2Fquick-format-unescaped%2Fdownload%2Fquick-format-unescaped-4.0.3.tgz",
      "integrity": "sha1-bWtmuCB6orNe7xK+FCG7JMQo9lI="
    },
    "readable-stream": {
      "version": "3.6.0",
      "resolved": "https://registry.npm.taobao.org/readable-stream/download/readable-stream-3.6.0.tgz?cache=0&sync_timestamp=1589682741447&other_urls=https%3A%2F%2Fregistry.npm.taobao.org%2Freadable-stream%2Fdownload%2Freadable-stream-3.6.0.tgz",
      "integrity": "sha1-M3u9o63AcGvT4CRCaihtS0sskZg=",
      "requires": {
        "inherits": "^2.0.3",
        "string_decoder": "^1.1.1",
        "util-deprecate": "^1.0.1"
      }
    },
    "redis-commands": {
      "version": "1.7.0",
      "resolved": "https://registry.npm.taobao.org/redis-commands/download/redis-commands-1.7.0.tgz?cache=0&other_urls=https%3A%2F%2Fregistry.npm.taobao.org%2Fredis-commands%2Fdownload%2Fredis-commands-1.7.0.tgz",
      "integrity": "sha1-Fab+otWCgeJ7HNGs+0spPieMOok="
    },
    "redis-errors": {
      "version": "1.2.0",
      "resolved": "https://registry.npm.taobao.org/redis-errors/download/redis-errors-1.2.0.tgz",
      "integrity": "sha1-62LSrbFeTq9GEMBK/hUpOEJQq60="
    },
    "redis-parser": {
      "version": "3.0.0",
      "resolved": "https://registry.npm.taobao.org/redis-parser/download/redis-parser-3.0.0.tgz",
      "integrity": "sha1-tm2CjNyv5rS4pCin3vTGvKwxyLQ=",
      "requires": {
        "redis-errors": "^1.0.0"
      }
    },
    "safe-buffer": {
      "version": "5.2.1",
      "resolved": "https://registry.npm.taobao.org/safe-buffer/download/safe-buffer-5.2.1.tgz?cache=0&sync_timestamp=1589682795646&other_urls=https%3A%2F%2Fregistry.npm.taobao.org%2Fsafe-buffer%2Fdownload%2Fsafe-buffer-5.2.1.tgz",
      "integrity": "sha1-Hq+fqb2x/dTsdfWPnNtOa3gn7sY="
    },
    "sonic-boom": {
      "version": "1.4.1",
      "resolved": "https://registry.nlark.com/sonic-boom/download/sonic-boom-1.4.1.tgz",
      "integrity": "sha1-011qdAdmJPEub5F63nuddekY9T4=",
      "requires": {
        "atomic-sleep": "^1.0.0",
        "flatstr": "^1.0.12"
      }
    },
    "split2": {
      "version": "3.2.2",
      "resolved": "https://registry.npm.taobao.org/split2/download/split2-3.2.2.tgz?cache=0&sync_timestamp=1598084396596&other_urls=https%3A%2F%2Fregistry.npm.taobao.org%2Fsplit2%2Fdownload%2Fsplit2-3.2.2.tgz",
      "integrity": "sha1-vyzyo32DgxLCSciSBv16F90SNl8=",
      "requires": {
        "readable-stream": "^3.0.0"
      }
    },
    "standard-as-callback": {
      "version": "2.1.0",
      "resolved": "https://registry.npm.taobao.org/standard-as-callback/download/standard-as-callback-2.1.0.tgz",
      "integrity": "sha1-iVP8BTWYaKd7W5c5pmXFl3u330U="
    },
    "string_decoder": {
      "version": "1.3.0",
      "resolved": "https://registry.npm.taobao.org/string_decoder/download/string_decoder-1.3.0.tgz",
      "integrity": "sha1-QvEUWUpGzxqOMLCoT1bHjD7awh4=",
      "requires": {
        "safe-buffer": "~5.2.0"
      }
    },
    "util-deprecate": {
      "version": "1.0.2",
      "resolved": "https://registry.npm.taobao.org/util-deprecate/download/util-deprecate-1.0.2.tgz",
      "integrity": "sha1-RQ1Nyfpw3nMnYvvS1KKJgUGaDM8="
    },
    "xtend": {
      "version": "4.0.2",
      "resolved": "https://registry.npm.taobao.org/xtend/download/xtend-4.0.2.tgz?cache=0&sync_timestamp=1589682817913&other_urls=https%3A%2F%2Fregistry.npm.taobao.org%2Fxtend%2Fdownload%2Fxtend-4.0.2.tgz",
      "integrity": "sha1-u3J3n1+kZRhrH0OPZ0+jR/2121Q="
    }
  }
}
